// !$*UTF8*$!
{
	archiveVersion = 1;
	classes = {
	};
	objectVersion = 56;
	objects = {

/* Begin PBXBuildFile section */
		40205DCE2D7221C1005EE064 /* Model.swift in Sources */ = {isa = PBXBuildFile; fileRef = 40205DCD2D7221C1005EE064 /* Model.swift */; };
		40205DD02D722472005EE064 /* ViewModel.swift in Sources */ = {isa = PBXBuildFile; fileRef = 40205DCF2D722472005EE064 /* ViewModel.swift */; };
		4081EF4F2D70DFD7005AF4D8 /* TelaHomeApp.swift in Sources */ = {isa = PBXBuildFile; fileRef = 4081EF4E2D70DFD7005AF4D8 /* TelaHomeApp.swift */; };
		4081EF512D70DFD7005AF4D8 /* ContentView.swift in Sources */ = {isa = PBXBuildFile; fileRef = 4081EF502D70DFD7005AF4D8 /* ContentView.swift */; };
		4081EF532D70DFD9005AF4D8 /* Assets.xcassets in Resources */ = {isa = PBXBuildFile; fileRef = 4081EF522D70DFD9005AF4D8 /* Assets.xcassets */; };
		4081EF572D70DFD9005AF4D8 /* Preview Assets.xcassets in Resources */ = {isa = PBXBuildFile; fileRef = 4081EF562D70DFD9005AF4D8 /* Preview Assets.xcassets */; };
		4081EF612D70DFD9005AF4D8 /* TelaHomeTests.swift in Sources */ = {isa = PBXBuildFile; fileRef = 4081EF602D70DFD9005AF4D8 /* TelaHomeTests.swift */; };
		4081EF6B2D70DFD9005AF4D8 /* TelaHomeUITests.swift in Sources */ = {isa = PBXBuildFile; fileRef = 4081EF6A2D70DFD9005AF4D8 /* TelaHomeUITests.swift */; };
		4081EF6D2D70DFD9005AF4D8 /* TelaHomeUITestsLaunchTests.swift in Sources */ = {isa = PBXBuildFile; fileRef = 4081EF6C2D70DFD9005AF4D8 /* TelaHomeUITestsLaunchTests.swift */; };
		40A3EAEB2D72498700A5A77C /* WebView.swift in Sources */ = {isa = PBXBuildFile; fileRef = 40A3EAEA2D72498700A5A77C /* WebView.swift */; };
/* End PBXBuildFile section */

/* Begin PBXContainerItemProxy section */
		4081EF5D2D70DFD9005AF4D8 /* PBXContainerItemProxy */ = {
			isa = PBXContainerItemProxy;
			containerPortal = 4081EF432D70DFD7005AF4D8 /* Project object */;
			proxyType = 1;
			remoteGlobalIDString = 4081EF4A2D70DFD7005AF4D8;
			remoteInfo = TelaHome;
		};
		4081EF672D70DFD9005AF4D8 /* PBXContainerItemProxy */ = {
			isa = PBXContainerItemProxy;
			containerPortal = 4081EF432D70DFD7005AF4D8 /* Project object */;
			proxyType = 1;
			remoteGlobalIDString = 4081EF4A2D70DFD7005AF4D8;
			remoteInfo = TelaHome;
		};
/* End PBXContainerItemProxy section */

/* Begin PBXFileReference section */
		40205DCD2D7221C1005EE064 /* Model.swift */ = {isa = PBXFileReference; lastKnownFileType = sourcecode.swift; path = Model.swift; sourceTree = "<group>"; };
		40205DCF2D722472005EE064 /* ViewModel.swift */ = {isa = PBXFileReference; lastKnownFileType = sourcecode.swift; path = ViewModel.swift; sourceTree = "<group>"; };
		4081EF4B2D70DFD7005AF4D8 /* TelaHome.app */ = {isa = PBXFileReference; explicitFileType = wrapper.application; includeInIndex = 0; path = TelaHome.app; sourceTree = BUILT_PRODUCTS_DIR; };
		4081EF4E2D70DFD7005AF4D8 /* TelaHomeApp.swift */ = {isa = PBXFileReference; lastKnownFileType = sourcecode.swift; path = TelaHomeApp.swift; sourceTree = "<group>"; };
		4081EF502D70DFD7005AF4D8 /* ContentView.swift */ = {isa = PBXFileReference; lastKnownFileType = sourcecode.swift; path = ContentView.swift; sourceTree = "<group>"; };
		4081EF522D70DFD9005AF4D8 /* Assets.xcassets */ = {isa = PBXFileReference; lastKnownFileType = folder.assetcatalog; path = Assets.xcassets; sourceTree = "<group>"; };
		4081EF542D70DFD9005AF4D8 /* TelaHome.entitlements */ = {isa = PBXFileReference; lastKnownFileType = text.plist.entitlements; path = TelaHome.entitlements; sourceTree = "<group>"; };
		4081EF562D70DFD9005AF4D8 /* Preview Assets.xcassets */ = {isa = PBXFileReference; lastKnownFileType = folder.assetcatalog; path = "Preview Assets.xcassets"; sourceTree = "<group>"; };
		4081EF5C2D70DFD9005AF4D8 /* TelaHomeTests.xctest */ = {isa = PBXFileReference; explicitFileType = wrapper.cfbundle; includeInIndex = 0; path = TelaHomeTests.xctest; sourceTree = BUILT_PRODUCTS_DIR; };
		4081EF602D70DFD9005AF4D8 /* TelaHomeTests.swift */ = {isa = PBXFileReference; lastKnownFileType = sourcecode.swift; path = TelaHomeTests.swift; sourceTree = "<group>"; };
		4081EF662D70DFD9005AF4D8 /* TelaHomeUITests.xctest */ = {isa = PBXFileReference; explicitFileType = wrapper.cfbundle; includeInIndex = 0; path = TelaHomeUITests.xctest; sourceTree = BUILT_PRODUCTS_DIR; };
		4081EF6A2D70DFD9005AF4D8 /* TelaHomeUITests.swift */ = {isa = PBXFileReference; lastKnownFileType = sourcecode.swift; path = TelaHomeUITests.swift; sourceTree = "<group>"; };
		4081EF6C2D70DFD9005AF4D8 /* TelaHomeUITestsLaunchTests.swift */ = {isa = PBXFileReference; lastKnownFileType = sourcecode.swift; path = TelaHomeUITestsLaunchTests.swift; sourceTree = "<group>"; };
		40A3EAEA2D72498700A5A77C /* WebView.swift */ = {isa = PBXFileReference; lastKnownFileType = sourcecode.swift; path = WebView.swift; sourceTree = "<group>"; };
/* End PBXFileReference section */

/* Begin PBXFrameworksBuildPhase section */
		4081EF482D70DFD7005AF4D8 /* Frameworks */ = {
			isa = PBXFrameworksBuildPhase;
			buildActionMask = 2147483647;
			files = (
			);
			runOnlyForDeploymentPostprocessing = 0;
		};
		4081EF592D70DFD9005AF4D8 /* Frameworks */ = {
			isa = PBXFrameworksBuildPhase;
			buildActionMask = 2147483647;
			files = (
			);
			runOnlyForDeploymentPostprocessing = 0;
		};
		4081EF632D70DFD9005AF4D8 /* Frameworks */ = {
			isa = PBXFrameworksBuildPhase;
			buildActionMask = 2147483647;
			files = (
			);
			runOnlyForDeploymentPostprocessing = 0;
		};
/* End PBXFrameworksBuildPhase section */

/* Begin PBXGroup section */
		4081EF422D70DFD7005AF4D8 = {
			isa = PBXGroup;
			children = (
				4081EF4D2D70DFD7005AF4D8 /* TelaHome */,
				4081EF5F2D70DFD9005AF4D8 /* TelaHomeTests */,
				4081EF692D70DFD9005AF4D8 /* TelaHomeUITests */,
				4081EF4C2D70DFD7005AF4D8 /* Products */,
			);
			sourceTree = "<group>";
		};
		4081EF4C2D70DFD7005AF4D8 /* Products */ = {
			isa = PBXGroup;
			children = (
				4081EF4B2D70DFD7005AF4D8 /* TelaHome.app */,
				4081EF5C2D70DFD9005AF4D8 /* TelaHomeTests.xctest */,
				4081EF662D70DFD9005AF4D8 /* TelaHomeUITests.xctest */,
			);
			name = Products;
			sourceTree = "<group>";
		};
		4081EF4D2D70DFD7005AF4D8 /* TelaHome */ = {
			isa = PBXGroup;
			children = (
				40205DCD2D7221C1005EE064 /* Model.swift */,
				4081EF4E2D70DFD7005AF4D8 /* TelaHomeApp.swift */,
				4081EF502D70DFD7005AF4D8 /* ContentView.swift */,
				4081EF522D70DFD9005AF4D8 /* Assets.xcassets */,
				4081EF542D70DFD9005AF4D8 /* TelaHome.entitlements */,
				4081EF552D70DFD9005AF4D8 /* Preview Content */,
				40205DCF2D722472005EE064 /* ViewModel.swift */,
				40A3EAEA2D72498700A5A77C /* WebView.swift */,
			);
			path = TelaHome;
			sourceTree = "<group>";
		};
		4081EF552D70DFD9005AF4D8 /* Preview Content */ = {
			isa = PBXGroup;
			children = (
				4081EF562D70DFD9005AF4D8 /* Preview Assets.xcassets */,
			);
			path = "Preview Content";
			sourceTree = "<group>";
		};
		4081EF5F2D70DFD9005AF4D8 /* TelaHomeTests */ = {
			isa = PBXGroup;
			children = (
				4081EF602D70DFD9005AF4D8 /* TelaHomeTests.swift */,
			);
			path = TelaHomeTests;
			sourceTree = "<group>";
		};
		4081EF692D70DFD9005AF4D8 /* TelaHomeUITests */ = {
			isa = PBXGroup;
			children = (
				4081EF6A2D70DFD9005AF4D8 /* TelaHomeUITests.swift */,
				4081EF6C2D70DFD9005AF4D8 /* TelaHomeUITestsLaunchTests.swift */,
			);
			path = TelaHomeUITests;
			sourceTree = "<group>";
		};
/* End PBXGroup section */

/* Begin PBXNativeTarget section */
		4081EF4A2D70DFD7005AF4D8 /* TelaHome */ = {
			isa = PBXNativeTarget;
			buildConfigurationList = 4081EF702D70DFD9005AF4D8 /* Build configuration list for PBXNativeTarget "TelaHome" */;
			buildPhases = (
				4081EF472D70DFD7005AF4D8 /* Sources */,
				4081EF482D70DFD7005AF4D8 /* Frameworks */,
				4081EF492D70DFD7005AF4D8 /* Resources */,
			);
			buildRules = (
			);
			dependencies = (
			);
			name = TelaHome;
			productName = TelaHome;
			productReference = 4081EF4B2D70DFD7005AF4D8 /* TelaHome.app */;
			productType = "com.apple.product-type.application";
		};
		4081EF5B2D70DFD9005AF4D8 /* TelaHomeTests */ = {
			isa = PBXNativeTarget;
			buildConfigurationList = 4081EF732D70DFD9005AF4D8 /* Build configuration list for PBXNativeTarget "TelaHomeTests" */;
			buildPhases = (
				4081EF582D70DFD9005AF4D8 /* Sources */,
				4081EF592D70DFD9005AF4D8 /* Frameworks */,
				4081EF5A2D70DFD9005AF4D8 /* Resources */,
			);
			buildRules = (
			);
			dependencies = (
				4081EF5E2D70DFD9005AF4D8 /* PBXTargetDependency */,
			);
			name = TelaHomeTests;
			productName = TelaHomeTests;
			productReference = 4081EF5C2D70DFD9005AF4D8 /* TelaHomeTests.xctest */;
			productType = "com.apple.product-type.bundle.unit-test";
		};
		4081EF652D70DFD9005AF4D8 /* TelaHomeUITests */ = {
			isa = PBXNativeTarget;
			buildConfigurationList = 4081EF762D70DFD9005AF4D8 /* Build configuration list for PBXNativeTarget "TelaHomeUITests" */;
			buildPhases = (
				4081EF622D70DFD9005AF4D8 /* Sources */,
				4081EF632D70DFD9005AF4D8 /* Frameworks */,
				4081EF642D70DFD9005AF4D8 /* Resources */,
			);
			buildRules = (
			);
			dependencies = (
				4081EF682D70DFD9005AF4D8 /* PBXTargetDependency */,
			);
			name = TelaHomeUITests;
			productName = TelaHomeUITests;
			productReference = 4081EF662D70DFD9005AF4D8 /* TelaHomeUITests.xctest */;
			productType = "com.apple.product-type.bundle.ui-testing";
		};
/* End PBXNativeTarget section */

/* Begin PBXProject section */
		4081EF432D70DFD7005AF4D8 /* Project object */ = {
			isa = PBXProject;
			attributes = {
				BuildIndependentTargetsInParallel = 1;
				LastSwiftUpdateCheck = 1540;
				LastUpgradeCheck = 1540;
				TargetAttributes = {
					4081EF4A2D70DFD7005AF4D8 = {
						CreatedOnToolsVersion = 15.4;
					};
					4081EF5B2D70DFD9005AF4D8 = {
						CreatedOnToolsVersion = 15.4;
						TestTargetID = 4081EF4A2D70DFD7005AF4D8;
					};
					4081EF652D70DFD9005AF4D8 = {
						CreatedOnToolsVersion = 15.4;
						TestTargetID = 4081EF4A2D70DFD7005AF4D8;
					};
				};
			};
			buildConfigurationList = 4081EF462D70DFD7005AF4D8 /* Build configuration list for PBXProject "TelaHome" */;
			compatibilityVersion = "Xcode 14.0";
			developmentRegion = en;
			hasScannedForEncodings = 0;
			knownRegions = (
				en,
				Base,
			);
			mainGroup = 4081EF422D70DFD7005AF4D8;
			packageReferences = (
				40205DD12D723F3C005EE064 /* XCRemoteSwiftPackageReference "FeedKit" */,
			);
			productRefGroup = 4081EF4C2D70DFD7005AF4D8 /* Products */;
			projectDirPath = "";
			projectRoot = "";
			targets = (
				4081EF4A2D70DFD7005AF4D8 /* TelaHome */,
				4081EF5B2D70DFD9005AF4D8 /* TelaHomeTests */,
				4081EF652D70DFD9005AF4D8 /* TelaHomeUITests */,
			);
		};
/* End PBXProject section */

/* Begin PBXResourcesBuildPhase section */
		4081EF492D70DFD7005AF4D8 /* Resources */ = {
			isa = PBXResourcesBuildPhase;
			buildActionMask = 2147483647;
			files = (
				4081EF572D70DFD9005AF4D8 /* Preview Assets.xcassets in Resources */,
				4081EF532D70DFD9005AF4D8 /* Assets.xcassets in Resources */,
			);
			runOnlyForDeploymentPostprocessing = 0;
		};
		4081EF5A2D70DFD9005AF4D8 /* Resources */ = {
			isa = PBXResourcesBuildPhase;
			buildActionMask = 2147483647;
			files = (
			);
			runOnlyForDeploymentPostprocessing = 0;
		};
		4081EF642D70DFD9005AF4D8 /* Resources */ = {
			isa = PBXResourcesBuildPhase;
			buildActionMask = 2147483647;
			files = (
			);
			runOnlyForDeploymentPostprocessing = 0;
		};
/* End PBXResourcesBuildPhase section */

/* Begin PBXSourcesBuildPhase section */
		4081EF472D70DFD7005AF4D8 /* Sources */ = {
			isa = PBXSourcesBuildPhase;
			buildActionMask = 2147483647;
			files = (
				40205DCE2D7221C1005EE064 /* Model.swift in Sources */,
				40A3EAEB2D72498700A5A77C /* WebView.swift in Sources */,
				4081EF512D70DFD7005AF4D8 /* ContentView.swift in Sources */,
				40205DD02D722472005EE064 /* ViewModel.swift in Sources */,
				4081EF4F2D70DFD7005AF4D8 /* TelaHomeApp.swift in Sources */,
			);
			runOnlyForDeploymentPostprocessing = 0;
		};
		4081EF582D70DFD9005AF4D8 /* Sources */ = {
			isa = PBXSourcesBuildPhase;
			buildActionMask = 2147483647;
			files = (
				4081EF612D70DFD9005AF4D8 /* TelaHomeTests.swift in Sources */,
			);
			runOnlyForDeploymentPostprocessing = 0;
		};
		4081EF622D70DFD9005AF4D8 /* Sources */ = {
			isa = PBXSourcesBuildPhase;
			buildActionMask = 2147483647;
			files = (
				4081EF6D2D70DFD9005AF4D8 /* TelaHomeUITestsLaunchTests.swift in Sources */,
				4081EF6B2D70DFD9005AF4D8 /* TelaHomeUITests.swift in Sources */,
			);
			runOnlyForDeploymentPostprocessing = 0;
		};
/* End PBXSourcesBuildPhase section */

/* Begin PBXTargetDependency section */
		4081EF5E2D70DFD9005AF4D8 /* PBXTargetDependency */ = {
			isa = PBXTargetDependency;
			target = 4081EF4A2D70DFD7005AF4D8 /* TelaHome */;
			targetProxy = 4081EF5D2D70DFD9005AF4D8 /* PBXContainerItemProxy */;
		};
		4081EF682D70DFD9005AF4D8 /* PBXTargetDependency */ = {
			isa = PBXTargetDependency;
			target = 4081EF4A2D70DFD7005AF4D8 /* TelaHome */;
			targetProxy = 4081EF672D70DFD9005AF4D8 /* PBXContainerItemProxy */;
		};
/* End PBXTargetDependency section */

/* Begin XCBuildConfiguration section */
		4081EF6E2D70DFD9005AF4D8 /* Debug */ = {
			isa = XCBuildConfiguration;
			buildSettings = {
				ALWAYS_SEARCH_USER_PATHS = NO;
				ASSETCATALOG_COMPILER_GENERATE_SWIFT_ASSET_SYMBOL_EXTENSIONS = YES;
				CLANG_ANALYZER_NONNULL = YES;
				CLANG_ANALYZER_NUMBER_OBJECT_CONVERSION = YES_AGGRESSIVE;
				CLANG_CXX_LANGUAGE_STANDARD = "gnu++20";
				CLANG_ENABLE_MODULES = YES;
				CLANG_ENABLE_OBJC_ARC = YES;
				CLANG_ENABLE_OBJC_WEAK = YES;
				CLANG_WARN_BLOCK_CAPTURE_AUTORELEASING = YES;
				CLANG_WARN_BOOL_CONVERSION = YES;
				CLANG_WARN_COMMA = YES;
				CLANG_WARN_CONSTANT_CONVERSION = YES;
				CLANG_WARN_DEPRECATED_OBJC_IMPLEMENTATIONS = YES;
				CLANG_WARN_DIRECT_OBJC_ISA_USAGE = YES_ERROR;
				CLANG_WARN_DOCUMENTATION_COMMENTS = YES;
				CLANG_WARN_EMPTY_BODY = YES;
				CLANG_WARN_ENUM_CONVERSION = YES;
				CLANG_WARN_INFINITE_RECURSION = YES;
				CLANG_WARN_INT_CONVERSION = YES;
				CLANG_WARN_NON_LITERAL_NULL_CONVERSION = YES;
				CLANG_WARN_OBJC_IMPLICIT_RETAIN_SELF = YES;
				CLANG_WARN_OBJC_LITERAL_CONVERSION = YES;
				CLANG_WARN_OBJC_ROOT_CLASS = YES_ERROR;
				CLANG_WARN_QUOTED_INCLUDE_IN_FRAMEWORK_HEADER = YES;
				CLANG_WARN_RANGE_LOOP_ANALYSIS = YES;
				CLANG_WARN_STRICT_PROTOTYPES = YES;
				CLANG_WARN_SUSPICIOUS_MOVE = YES;
				CLANG_WARN_UNGUARDED_AVAILABILITY = YES_AGGRESSIVE;
				CLANG_WARN_UNREACHABLE_CODE = YES;
				CLANG_WARN__DUPLICATE_METHOD_MATCH = YES;
				COPY_PHASE_STRIP = NO;
				DEBUG_INFORMATION_FORMAT = dwarf;
				ENABLE_STRICT_OBJC_MSGSEND = YES;
				ENABLE_TESTABILITY = YES;
				ENABLE_USER_SCRIPT_SANDBOXING = YES;
				GCC_C_LANGUAGE_STANDARD = gnu17;
				GCC_DYNAMIC_NO_PIC = NO;
				GCC_NO_COMMON_BLOCKS = YES;
				GCC_OPTIMIZATION_LEVEL = 0;
				GCC_PREPROCESSOR_DEFINITIONS = (
					"DEBUG=1",
					"$(inherited)",
				);
				GCC_WARN_64_TO_32_BIT_CONVERSION = YES;
				GCC_WARN_ABOUT_RETURN_TYPE = YES_ERROR;
				GCC_WARN_UNDECLARED_SELECTOR = YES;
				GCC_WARN_UNINITIALIZED_AUTOS = YES_AGGRESSIVE;
				GCC_WARN_UNUSED_FUNCTION = YES;
				GCC_WARN_UNUSED_VARIABLE = YES;
				LOCALIZATION_PREFERS_STRING_CATALOGS = YES;
				MTL_ENABLE_DEBUG_INFO = INCLUDE_SOURCE;
				MTL_FAST_MATH = YES;
				ONLY_ACTIVE_ARCH = YES;
				SWIFT_ACTIVE_COMPILATION_CONDITIONS = "DEBUG $(inherited)";
				SWIFT_OPTIMIZATION_LEVEL = "-Onone";
			};
			name = Debug;
		};
		4081EF6F2D70DFD9005AF4D8 /* Release */ = {
			isa = XCBuildConfiguration;
			buildSettings = {
				ALWAYS_SEARCH_USER_PATHS = NO;
				ASSETCATALOG_COMPILER_GENERATE_SWIFT_ASSET_SYMBOL_EXTENSIONS = YES;
				CLANG_ANALYZER_NONNULL = YES;
				CLANG_ANALYZER_NUMBER_OBJECT_CONVERSION = YES_AGGRESSIVE;
				CLANG_CXX_LANGUAGE_STANDARD = "gnu++20";
				CLANG_ENABLE_MODULES = YES;
				CLANG_ENABLE_OBJC_ARC = YES;
				CLANG_ENABLE_OBJC_WEAK = YES;
				CLANG_WARN_BLOCK_CAPTURE_AUTORELEASING = YES;
				CLANG_WARN_BOOL_CONVERSION = YES;
				CLANG_WARN_COMMA = YES;
				CLANG_WARN_CONSTANT_CONVERSION = YES;
				CLANG_WARN_DEPRECATED_OBJC_IMPLEMENTATIONS = YES;
				CLANG_WARN_DIRECT_OBJC_ISA_USAGE = YES_ERROR;
				CLANG_WARN_DOCUMENTATION_COMMENTS = YES;
				CLANG_WARN_EMPTY_BODY = YES;
				CLANG_WARN_ENUM_CONVERSION = YES;
				CLANG_WARN_INFINITE_RECURSION = YES;
				CLANG_WARN_INT_CONVERSION = YES;
				CLANG_WARN_NON_LITERAL_NULL_CONVERSION = YES;
				CLANG_WARN_OBJC_IMPLICIT_RETAIN_SELF = YES;
				CLANG_WARN_OBJC_LITERAL_CONVERSION = YES;
				CLANG_WARN_OBJC_ROOT_CLASS = YES_ERROR;
				CLANG_WARN_QUOTED_INCLUDE_IN_FRAMEWORK_HEADER = YES;
				CLANG_WARN_RANGE_LOOP_ANALYSIS = YES;
				CLANG_WARN_STRICT_PROTOTYPES = YES;
				CLANG_WARN_SUSPICIOUS_MOVE = YES;
				CLANG_WARN_UNGUARDED_AVAILABILITY = YES_AGGRESSIVE;
				CLANG_WARN_UNREACHABLE_CODE = YES;
				CLANG_WARN__DUPLICATE_METHOD_MATCH = YES;
				COPY_PHASE_STRIP = NO;
				DEBUG_INFORMATION_FORMAT = "dwarf-with-dsym";
				ENABLE_NS_ASSERTIONS = NO;
				ENABLE_STRICT_OBJC_MSGSEND = YES;
				ENABLE_USER_SCRIPT_SANDBOXING = YES;
				GCC_C_LANGUAGE_STANDARD = gnu17;
				GCC_NO_COMMON_BLOCKS = YES;
				GCC_WARN_64_TO_32_BIT_CONVERSION = YES;
				GCC_WARN_ABOUT_RETURN_TYPE = YES_ERROR;
				GCC_WARN_UNDECLARED_SELECTOR = YES;
				GCC_WARN_UNINITIALIZED_AUTOS = YES_AGGRESSIVE;
				GCC_WARN_UNUSED_FUNCTION = YES;
				GCC_WARN_UNUSED_VARIABLE = YES;
				LOCALIZATION_PREFERS_STRING_CATALOGS = YES;
				MTL_ENABLE_DEBUG_INFO = NO;
				MTL_FAST_MATH = YES;
				SWIFT_COMPILATION_MODE = wholemodule;
			};
			name = Release;
		};
		4081EF712D70DFD9005AF4D8 /* Debug */ = {
			isa = XCBuildConfiguration;
			buildSettings = {
				ASSETCATALOG_COMPILER_APPICON_NAME = AppIcon;
				ASSETCATALOG_COMPILER_GLOBAL_ACCENT_COLOR_NAME = AccentColor;
				CODE_SIGN_ENTITLEMENTS = TelaHome/TelaHome.entitlements;
				CODE_SIGN_STYLE = Automatic;
				CURRENT_PROJECT_VERSION = 1;
				DEVELOPMENT_ASSET_PATHS = "\"TelaHome/Preview Content\"";
				ENABLE_PREVIEWS = YES;
				GENERATE_INFOPLIST_FILE = YES;
				"INFOPLIST_KEY_UIApplicationSceneManifest_Generation[sdk=iphoneos*]" = YES;
				"INFOPLIST_KEY_UIApplicationSceneManifest_Generation[sdk=iphonesimulator*]" = YES;
				"INFOPLIST_KEY_UIApplicationSupportsIndirectInputEvents[sdk=iphoneos*]" = YES;
				"INFOPLIST_KEY_UIApplicationSupportsIndirectInputEvents[sdk=iphonesimulator*]" = YES;
				"INFOPLIST_KEY_UILaunchScreen_Generation[sdk=iphoneos*]" = YES;
				"INFOPLIST_KEY_UILaunchScreen_Generation[sdk=iphonesimulator*]" = YES;
				"INFOPLIST_KEY_UIStatusBarStyle[sdk=iphoneos*]" = UIStatusBarStyleDefault;
				"INFOPLIST_KEY_UIStatusBarStyle[sdk=iphonesimulator*]" = UIStatusBarStyleDefault;
				INFOPLIST_KEY_UISupportedInterfaceOrientations_iPad = "UIInterfaceOrientationPortrait UIInterfaceOrientationPortraitUpsideDown UIInterfaceOrientationLandscapeLeft UIInterfaceOrientationLandscapeRight";
				INFOPLIST_KEY_UISupportedInterfaceOrientations_iPhone = "UIInterfaceOrientationPortrait UIInterfaceOrientationLandscapeLeft UIInterfaceOrientationLandscapeRight";
				IPHONEOS_DEPLOYMENT_TARGET = 17.5;
				LD_RUNPATH_SEARCH_PATHS = "@executable_path/Frameworks";
				"LD_RUNPATH_SEARCH_PATHS[sdk=macosx*]" = "@executable_path/../Frameworks";
				MACOSX_DEPLOYMENT_TARGET = 14.5;
				MARKETING_VERSION = 1.0;
				PRODUCT_BUNDLE_IDENTIFIER = lavinia.TelaHome;
				PRODUCT_NAME = "$(TARGET_NAME)";
				SDKROOT = auto;
				SUPPORTED_PLATFORMS = "iphoneos iphonesimulator macosx";
				SWIFT_EMIT_LOC_STRINGS = YES;
				SWIFT_VERSION = 5.0;
				TARGETED_DEVICE_FAMILY = "1,2";
			};
			name = Debug;
		};
		4081EF722D70DFD9005AF4D8 /* Release */ = {
			isa = XCBuildConfiguration;
			buildSettings = {
				ASSETCATALOG_COMPILER_APPICON_NAME = AppIcon;
				ASSETCATALOG_COMPILER_GLOBAL_ACCENT_COLOR_NAME = AccentColor;
				CODE_SIGN_ENTITLEMENTS = TelaHome/TelaHome.entitlements;
				CODE_SIGN_STYLE = Automatic;
				CURRENT_PROJECT_VERSION = 1;
				DEVELOPMENT_ASSET_PATHS = "\"TelaHome/Preview Content\"";
				ENABLE_PREVIEWS = YES;
				GENERATE_INFOPLIST_FILE = YES;
				"INFOPLIST_KEY_UIApplicationSceneManifest_Generation[sdk=iphoneos*]" = YES;
				"INFOPLIST_KEY_UIApplicationSceneManifest_Generation[sdk=iphonesimulator*]" = YES;
				"INFOPLIST_KEY_UIApplicationSupportsIndirectInputEvents[sdk=iphoneos*]" = YES;
				"INFOPLIST_KEY_UIApplicationSupportsIndirectInputEvents[sdk=iphonesimulator*]" = YES;
				"INFOPLIST_KEY_UILaunchScreen_Generation[sdk=iphoneos*]" = YES;
				"INFOPLIST_KEY_UILaunchScreen_Generation[sdk=iphonesimulator*]" = YES;
				"INFOPLIST_KEY_UIStatusBarStyle[sdk=iphoneos*]" = UIStatusBarStyleDefault;
				"INFOPLIST_KEY_UIStatusBarStyle[sdk=iphonesimulator*]" = UIStatusBarStyleDefault;
				INFOPLIST_KEY_UISupportedInterfaceOrientations_iPad = "UIInterfaceOrientationPortrait UIInterfaceOrientationPortraitUpsideDown UIInterfaceOrientationLandscapeLeft UIInterfaceOrientationLandscapeRight";
				INFOPLIST_KEY_UISupportedInterfaceOrientations_iPhone = "UIInterfaceOrientationPortrait UIInterfaceOrientationLandscapeLeft UIInterfaceOrientationLandscapeRight";
				IPHONEOS_DEPLOYMENT_TARGET = 17.5;
				LD_RUNPATH_SEARCH_PATHS = "@executable_path/Frameworks";
				"LD_RUNPATH_SEARCH_PATHS[sdk=macosx*]" = "@executable_path/../Frameworks";
				MACOSX_DEPLOYMENT_TARGET = 14.5;
				MARKETING_VERSION = 1.0;
				PRODUCT_BUNDLE_IDENTIFIER = lavinia.TelaHome;
				PRODUCT_NAME = "$(TARGET_NAME)";
				SDKROOT = auto;
				SUPPORTED_PLATFORMS = "iphoneos iphonesimulator macosx";
				SWIFT_EMIT_LOC_STRINGS = YES;
				SWIFT_VERSION = 5.0;
				TARGETED_DEVICE_FAMILY = "1,2";
			};
			name = Release;
		};
		4081EF742D70DFD9005AF4D8 /* Debug */ = {
			isa = XCBuildConfiguration;
			buildSettings = {
				ALWAYS_EMBED_SWIFT_STANDARD_LIBRARIES = YES;
				BUNDLE_LOADER = "$(TEST_HOST)";
				CODE_SIGN_STYLE = Automatic;
				CURRENT_PROJECT_VERSION = 1;
				GENERATE_INFOPLIST_FILE = YES;
				IPHONEOS_DEPLOYMENT_TARGET = 17.5;
				MACOSX_DEPLOYMENT_TARGET = 14.5;
				MARKETING_VERSION = 1.0;
				PRODUCT_BUNDLE_IDENTIFIER = lavinia.TelaHomeTests;
				PRODUCT_NAME = "$(TARGET_NAME)";
				SDKROOT = auto;
				SUPPORTED_PLATFORMS = "iphoneos iphonesimulator macosx";
				SWIFT_EMIT_LOC_STRINGS = NO;
				SWIFT_VERSION = 5.0;
				TARGETED_DEVICE_FAMILY = "1,2";
				TEST_HOST = "$(BUILT_PRODUCTS_DIR)/TelaHome.app/$(BUNDLE_EXECUTABLE_FOLDER_PATH)/TelaHome";
			};
			name = Debug;
		};
		4081EF752D70DFD9005AF4D8 /* Release */ = {
			isa = XCBuildConfiguration;
			buildSettings = {
				ALWAYS_EMBED_SWIFT_STANDARD_LIBRARIES = YES;
				BUNDLE_LOADER = "$(TEST_HOST)";
				CODE_SIGN_STYLE = Automatic;
				CURRENT_PROJECT_VERSION = 1;
				GENERATE_INFOPLIST_FILE = YES;
				IPHONEOS_DEPLOYMENT_TARGET = 17.5;
				MACOSX_DEPLOYMENT_TARGET = 14.5;
				MARKETING_VERSION = 1.0;
				PRODUCT_BUNDLE_IDENTIFIER = lavinia.TelaHomeTests;
				PRODUCT_NAME = "$(TARGET_NAME)";
				SDKROOT = auto;
				SUPPORTED_PLATFORMS = "iphoneos iphonesimulator macosx";
				SWIFT_EMIT_LOC_STRINGS = NO;
				SWIFT_VERSION = 5.0;
				TARGETED_DEVICE_FAMILY = "1,2";
				TEST_HOST = "$(BUILT_PRODUCTS_DIR)/TelaHome.app/$(BUNDLE_EXECUTABLE_FOLDER_PATH)/TelaHome";
			};
			name = Release;
		};
		4081EF772D70DFD9005AF4D8 /* Debug */ = {
			isa = XCBuildConfiguration;
			buildSettings = {
				ALWAYS_EMBED_SWIFT_STANDARD_LIBRARIES = YES;
				CODE_SIGN_STYLE = Automatic;
				CURRENT_PROJECT_VERSION = 1;
				GENERATE_INFOPLIST_FILE = YES;
				IPHONEOS_DEPLOYMENT_TARGET = 17.5;
				MACOSX_DEPLOYMENT_TARGET = 14.5;
				MARKETING_VERSION = 1.0;
				PRODUCT_BUNDLE_IDENTIFIER = lavinia.TelaHomeUITests;
				PRODUCT_NAME = "$(TARGET_NAME)";
				SDKROOT = auto;
				SUPPORTED_PLATFORMS = "iphoneos iphonesimulator macosx";
				SWIFT_EMIT_LOC_STRINGS = NO;
				SWIFT_VERSION = 5.0;
				TARGETED_DEVICE_FAMILY = "1,2";
				TEST_TARGET_NAME = TelaHome;
			};
			name = Debug;
		};
		4081EF782D70DFD9005AF4D8 /* Release */ = {
			isa = XCBuildConfiguration;
			buildSettings = {
				ALWAYS_EMBED_SWIFT_STANDARD_LIBRARIES = YES;
				CODE_SIGN_STYLE = Automatic;
				CURRENT_PROJECT_VERSION = 1;
				GENERATE_INFOPLIST_FILE = YES;
				IPHONEOS_DEPLOYMENT_TARGET = 17.5;
				MACOSX_DEPLOYMENT_TARGET = 14.5;
				MARKETING_VERSION = 1.0;
				PRODUCT_BUNDLE_IDENTIFIER = lavinia.TelaHomeUITests;
				PRODUCT_NAME = "$(TARGET_NAME)";
				SDKROOT = auto;
				SUPPORTED_PLATFORMS = "iphoneos iphonesimulator macosx";
				SWIFT_EMIT_LOC_STRINGS = NO;
				SWIFT_VERSION = 5.0;
				TARGETED_DEVICE_FAMILY = "1,2";
				TEST_TARGET_NAME = TelaHome;
			};
			name = Release;
		};
/* End XCBuildConfiguration section */

/* Begin XCConfigurationList section */
		4081EF462D70DFD7005AF4D8 /* Build configuration list for PBXProject "TelaHome" */ = {
			isa = XCConfigurationList;
			buildConfigurations = (
				4081EF6E2D70DFD9005AF4D8 /* Debug */,
				4081EF6F2D70DFD9005AF4D8 /* Release */,
			);
			defaultConfigurationIsVisible = 0;
			defaultConfigurationName = Release;
		};
		4081EF702D70DFD9005AF4D8 /* Build configuration list for PBXNativeTarget "TelaHome" */ = {
			isa = XCConfigurationList;
			buildConfigurations = (
				4081EF712D70DFD9005AF4D8 /* Debug */,
				4081EF722D70DFD9005AF4D8 /* Release */,
			);
			defaultConfigurationIsVisible = 0;
			defaultConfigurationName = Release;
		};
		4081EF732D70DFD9005AF4D8 /* Build configuration list for PBXNativeTarget "TelaHomeTests" */ = {
			isa = XCConfigurationList;
			buildConfigurations = (
				4081EF742D70DFD9005AF4D8 /* Debug */,
				4081EF752D70DFD9005AF4D8 /* Release */,
			);
			defaultConfigurationIsVisible = 0;
			defaultConfigurationName = Release;
		};
		4081EF762D70DFD9005AF4D8 /* Build configuration list for PBXNativeTarget "TelaHomeUITests" */ = {
			isa = XCConfigurationList;
			buildConfigurations = (
				4081EF772D70DFD9005AF4D8 /* Debug */,
				4081EF782D70DFD9005AF4D8 /* Release */,
			);
			defaultConfigurationIsVisible = 0;
			defaultConfigurationName = Release;
		};
/* End XCConfigurationList section */

/* Begin XCRemoteSwiftPackageReference section */
		40205DD12D723F3C005EE064 /* XCRemoteSwiftPackageReference "FeedKit" */ = {
			isa = XCRemoteSwiftPackageReference;
			repositoryURL = "https://github.com/nmdias/FeedKit.git";
			requirement = {
				kind = upToNextMajorVersion;
				minimumVersion = 9.1.2;
			};
		};
/* End XCRemoteSwiftPackageReference section */
	};
	rootObject = 4081EF432D70DFD7005AF4D8 /* Project object */;
}
